
Microsoft Visual Studio Solution File, Format Version 11.00
# Visual C# Express 2010
Project("{FAE04EC0-301F-11D3-BF4B-00C04F79EFBC}") = "swLastSaved", "swLastSaved\swLastSaved.csproj", "{C45394CE-5416-4C9D-9FF5-F18E030E993B}"
EndProject
Global
	GlobalSection(SolutionConfigurationPlatforms) = preSolution
		Debug|x86 = Debug|x86
		Release|x86 = Release|x86
	EndGlobalSection
	GlobalSection(ProjectConfigurationPlatforms) = postSolution
		{C45394CE-5416-4C9D-9FF5-F18E030E993B}.Debug|x86.ActiveCfg = Debug|x86
		{C45394CE-5416-4C9D-9FF5-F18E030E993B}.Debug|x86.Build.0 = Debug|x86
		{C45394CE-5416-4C9D-9FF5-F18E030E993B}.Release|x86.ActiveCfg = Release|x86
		{C45394CE-5416-4C9D-9FF5-F18E030E993B}.Release|x86.Build.0 = Release|x86
	EndGlobalSection
	GlobalSection(SolutionProperties) = preSolution
		HideSolutionNode = FALSE
	EndGlobalSection
EndGlobal
